# This file is automatically @generated by Cargo.
# It is not intended for manual editing.
version = 4

[[package]]
name = "cena"
version = "0.1.0"
dependencies = [
 "cena-behavior",
 "cena-session",
 "cena-ui",
]

[[package]]
name = "cena-arch-tests"
version = "0.1.0"

[[package]]
name = "cena-behavior"
version = "0.1.0"
dependencies = [
 "cena-session",
]

[[package]]
name = "cena-model"
version = "0.1.0"
dependencies = [
 "cena-protocol",
]

[[package]]
name = "cena-platform"
version = "0.1.0"

[[package]]
name = "cena-protocol"
version = "0.1.0"
dependencies = [
 "cena-platform",
]

[[package]]
name = "cena-session"
version = "0.1.0"
dependencies = [
 "cena-model",
]

[[package]]
name = "cena-ui"
version = "0.1.0"
dependencies = [
 "cena-model",
]
